// !$*UTF8*$!
{
	archiveVersion = 1;
	classes = {
	};
	objectVersion = 52;
	objects = {

/* Begin PBXBuildFile section */
		991E68AE232F64A800B02FDE /* AppDelegate.swift in Sources */ = {isa = PBXBuildFile; fileRef = 991E68AD232F64A800B02FDE /* AppDelegate.swift */; };
		991E68B2232F64A900B02FDE /* Assets.xcassets in Resources */ = {isa = PBXBuildFile; fileRef = 991E68B1232F64A900B02FDE /* Assets.xcassets */; };
		991E68B5232F64A900B02FDE /* Preview Assets.xcassets in Resources */ = {isa = PBXBuildFile; fileRef = 991E68B4232F64A900B02FDE /* Preview Assets.xcassets */; };
		991E68B8232F64A900B02FDE /* Main.storyboard in Resources */ = {isa = PBXBuildFile; fileRef = 991E68B6232F64A900B02FDE /* Main.storyboard */; };
		9959CD1A23473A42007069B1 /* RAW_File_CleanerUITests.swift in Sources */ = {isa = PBXBuildFile; fileRef = 9959CD1923473A42007069B1 /* RAW_File_CleanerUITests.swift */; };
		999C6810233603E600D758E9 /* UIView.swift in Sources */ = {isa = PBXBuildFile; fileRef = 999C680F233603E500D758E9 /* UIView.swift */; };
		999C681223362CE000D758E9 /* CoreFunctional.swift in Sources */ = {isa = PBXBuildFile; fileRef = 999C681123362CE000D758E9 /* CoreFunctional.swift */; };
		99F5A37823370090009DE5D8 /* RAW_File_CleanerTests.swift in Sources */ = {isa = PBXBuildFile; fileRef = 99F5A37723370090009DE5D8 /* RAW_File_CleanerTests.swift */; };
/* End PBXBuildFile section */

/* Begin PBXContainerItemProxy section */
		9959CD1C23473A42007069B1 /* PBXContainerItemProxy */ = {
			isa = PBXContainerItemProxy;
			containerPortal = 991E68A2232F64A800B02FDE /* Project object */;
			proxyType = 1;
			remoteGlobalIDString = 991E68A9232F64A800B02FDE;
			remoteInfo = "RAW File Cleaner";
		};
		99F5A37A23370090009DE5D8 /* PBXContainerItemProxy */ = {
			isa = PBXContainerItemProxy;
			containerPortal = 991E68A2232F64A800B02FDE /* Project object */;
			proxyType = 1;
			remoteGlobalIDString = 991E68A9232F64A800B02FDE;
			remoteInfo = "RAW File Cleaner";
		};
/* End PBXContainerItemProxy section */

/* Begin PBXFileReference section */
		991E68AA232F64A800B02FDE /* RAW File Cleaner.app */ = {isa = PBXFileReference; explicitFileType = wrapper.application; includeInIndex = 0; path = "RAW File Cleaner.app"; sourceTree = BUILT_PRODUCTS_DIR; };
		991E68AD232F64A800B02FDE /* AppDelegate.swift */ = {isa = PBXFileReference; lastKnownFileType = sourcecode.swift; path = AppDelegate.swift; sourceTree = "<group>"; };
		991E68B1232F64A900B02FDE /* Assets.xcassets */ = {isa = PBXFileReference; lastKnownFileType = folder.assetcatalog; path = Assets.xcassets; sourceTree = "<group>"; };
		991E68B4232F64A900B02FDE /* Preview Assets.xcassets */ = {isa = PBXFileReference; lastKnownFileType = folder.assetcatalog; path = "Preview Assets.xcassets"; sourceTree = "<group>"; };
		991E68B7232F64A900B02FDE /* Base */ = {isa = PBXFileReference; lastKnownFileType = file.storyboard; name = Base; path = Base.lproj/Main.storyboard; sourceTree = "<group>"; };
		991E68B9232F64A900B02FDE /* Info.plist */ = {isa = PBXFileReference; lastKnownFileType = text.plist.xml; path = Info.plist; sourceTree = "<group>"; };
		991E68BA232F64A900B02FDE /* RAW_File_Cleaner.entitlements */ = {isa = PBXFileReference; lastKnownFileType = text.plist.entitlements; path = RAW_File_Cleaner.entitlements; sourceTree = "<group>"; };
		9959CD1723473A42007069B1 /* RAW File CleanerUITests.xctest */ = {isa = PBXFileReference; explicitFileType = wrapper.cfbundle; includeInIndex = 0; path = "RAW File CleanerUITests.xctest"; sourceTree = BUILT_PRODUCTS_DIR; };
		9959CD1923473A42007069B1 /* RAW_File_CleanerUITests.swift */ = {isa = PBXFileReference; lastKnownFileType = sourcecode.swift; path = RAW_File_CleanerUITests.swift; sourceTree = "<group>"; };
		9959CD1B23473A42007069B1 /* Info.plist */ = {isa = PBXFileReference; lastKnownFileType = text.plist.xml; path = Info.plist; sourceTree = "<group>"; };
		999C680F233603E500D758E9 /* UIView.swift */ = {isa = PBXFileReference; fileEncoding = 4; lastKnownFileType = sourcecode.swift; path = UIView.swift; sourceTree = "<group>"; };
		999C681123362CE000D758E9 /* CoreFunctional.swift */ = {isa = PBXFileReference; lastKnownFileType = sourcecode.swift; path = CoreFunctional.swift; sourceTree = "<group>"; };
		99F5A37523370090009DE5D8 /* RAW File CleanerTests.xctest */ = {isa = PBXFileReference; explicitFileType = wrapper.cfbundle; includeInIndex = 0; path = "RAW File CleanerTests.xctest"; sourceTree = BUILT_PRODUCTS_DIR; };
		99F5A37723370090009DE5D8 /* RAW_File_CleanerTests.swift */ = {isa = PBXFileReference; lastKnownFileType = sourcecode.swift; path = RAW_File_CleanerTests.swift; sourceTree = "<group>"; };
		99F5A37923370090009DE5D8 /* Info.plist */ = {isa = PBXFileReference; lastKnownFileType = text.plist.xml; path = Info.plist; sourceTree = "<group>"; };
/* End PBXFileReference section */

/* Begin PBXFrameworksBuildPhase section */
		991E68A7232F64A800B02FDE /* Frameworks */ = {
			isa = PBXFrameworksBuildPhase;
			buildActionMask = 2147483647;
			files = (
			);
			runOnlyForDeploymentPostprocessing = 0;
		};
		9959CD1423473A42007069B1 /* Frameworks */ = {
			isa = PBXFrameworksBuildPhase;
			buildActionMask = 2147483647;
			files = (
			);
			runOnlyForDeploymentPostprocessing = 0;
		};
		99F5A37223370090009DE5D8 /* Frameworks */ = {
			isa = PBXFrameworksBuildPhase;
			buildActionMask = 2147483647;
			files = (
			);
			runOnlyForDeploymentPostprocessing = 0;
		};
/* End PBXFrameworksBuildPhase section */

/* Begin PBXGroup section */
		991E68A1232F64A800B02FDE = {
			isa = PBXGroup;
			children = (
				991E68AC232F64A800B02FDE /* RAW File Cleaner */,
				99F5A37623370090009DE5D8 /* RAW File CleanerTests */,
				9959CD1823473A42007069B1 /* RAW File CleanerUITests */,
				991E68AB232F64A800B02FDE /* Products */,
			);
			sourceTree = "<group>";
		};
		991E68AB232F64A800B02FDE /* Products */ = {
			isa = PBXGroup;
			children = (
				991E68AA232F64A800B02FDE /* RAW File Cleaner.app */,
				99F5A37523370090009DE5D8 /* RAW File CleanerTests.xctest */,
				9959CD1723473A42007069B1 /* RAW File CleanerUITests.xctest */,
			);
			name = Products;
			sourceTree = "<group>";
		};
		991E68AC232F64A800B02FDE /* RAW File Cleaner */ = {
			isa = PBXGroup;
			children = (
				999C680F233603E500D758E9 /* UIView.swift */,
				991E68AD232F64A800B02FDE /* AppDelegate.swift */,
				999C681123362CE000D758E9 /* CoreFunctional.swift */,
				991E68B1232F64A900B02FDE /* Assets.xcassets */,
				991E68B6232F64A900B02FDE /* Main.storyboard */,
				991E68B9232F64A900B02FDE /* Info.plist */,
				991E68BA232F64A900B02FDE /* RAW_File_Cleaner.entitlements */,
				991E68B3232F64A900B02FDE /* Preview Content */,
			);
			path = "RAW File Cleaner";
			sourceTree = "<group>";
		};
		991E68B3232F64A900B02FDE /* Preview Content */ = {
			isa = PBXGroup;
			children = (
				991E68B4232F64A900B02FDE /* Preview Assets.xcassets */,
			);
			path = "Preview Content";
			sourceTree = "<group>";
		};
		9959CD1823473A42007069B1 /* RAW File CleanerUITests */ = {
			isa = PBXGroup;
			children = (
				9959CD1923473A42007069B1 /* RAW_File_CleanerUITests.swift */,
				9959CD1B23473A42007069B1 /* Info.plist */,
			);
			path = "RAW File CleanerUITests";
			sourceTree = "<group>";
		};
		99F5A37623370090009DE5D8 /* RAW File CleanerTests */ = {
			isa = PBXGroup;
			children = (
				99F5A37723370090009DE5D8 /* RAW_File_CleanerTests.swift */,
				99F5A37923370090009DE5D8 /* Info.plist */,
			);
			path = "RAW File CleanerTests";
			sourceTree = "<group>";
		};
/* End PBXGroup section */

/* Begin PBXNativeTarget section */
		991E68A9232F64A800B02FDE /* RAW File Cleaner */ = {
			isa = PBXNativeTarget;
			buildConfigurationList = 991E68BD232F64A900B02FDE /* Build configuration list for PBXNativeTarget "RAW File Cleaner" */;
			buildPhases = (
				991E68A6232F64A800B02FDE /* Sources */,
				991E68A7232F64A800B02FDE /* Frameworks */,
				991E68A8232F64A800B02FDE /* Resources */,
			);
			buildRules = (
			);
			dependencies = (
			);
			name = "RAW File Cleaner";
			productName = "RAW File Cleaner";
			productReference = 991E68AA232F64A800B02FDE /* RAW File Cleaner.app */;
			productType = "com.apple.product-type.application";
		};
		9959CD1623473A42007069B1 /* RAW File CleanerUITests */ = {
			isa = PBXNativeTarget;
			buildConfigurationList = 9959CD2023473A42007069B1 /* Build configuration list for PBXNativeTarget "RAW File CleanerUITests" */;
			buildPhases = (
				9959CD1323473A42007069B1 /* Sources */,
				9959CD1423473A42007069B1 /* Frameworks */,
				9959CD1523473A42007069B1 /* Resources */,
			);
			buildRules = (
			);
			dependencies = (
				9959CD1D23473A42007069B1 /* PBXTargetDependency */,
			);
			name = "RAW File CleanerUITests";
			productName = "RAW File CleanerUITests";
			productReference = 9959CD1723473A42007069B1 /* RAW File CleanerUITests.xctest */;
			productType = "com.apple.product-type.bundle.ui-testing";
		};
		99F5A37423370090009DE5D8 /* RAW File CleanerTests */ = {
			isa = PBXNativeTarget;
			buildConfigurationList = 99F5A37C23370090009DE5D8 /* Build configuration list for PBXNativeTarget "RAW File CleanerTests" */;
			buildPhases = (
				99F5A37123370090009DE5D8 /* Sources */,
				99F5A37223370090009DE5D8 /* Frameworks */,
				99F5A37323370090009DE5D8 /* Resources */,
			);
			buildRules = (
			);
			dependencies = (
				99F5A37B23370090009DE5D8 /* PBXTargetDependency */,
			);
			name = "RAW File CleanerTests";
			productName = "RAW File CleanerTests";
			productReference = 99F5A37523370090009DE5D8 /* RAW File CleanerTests.xctest */;
			productType = "com.apple.product-type.bundle.unit-test";
		};
/* End PBXNativeTarget section */

/* Begin PBXProject section */
		991E68A2232F64A800B02FDE /* Project object */ = {
			isa = PBXProject;
			attributes = {
				LastSwiftUpdateCheck = 1100;
				LastUpgradeCheck = 1100;
				ORGANIZATIONNAME = "Ostap Pochtarenko";
				TargetAttributes = {
					991E68A9232F64A800B02FDE = {
						CreatedOnToolsVersion = 11.0;
					};
					9959CD1623473A42007069B1 = {
						CreatedOnToolsVersion = 11.0;
						TestTargetID = 991E68A9232F64A800B02FDE;
					};
					99F5A37423370090009DE5D8 = {
						CreatedOnToolsVersion = 11.0;
						TestTargetID = 991E68A9232F64A800B02FDE;
					};
				};
			};
			buildConfigurationList = 991E68A5232F64A800B02FDE /* Build configuration list for PBXProject "RAW File Cleaner" */;
			compatibilityVersion = "Xcode 11.0";
			developmentRegion = en;
			hasScannedForEncodings = 0;
			knownRegions = (
				en,
				Base,
			);
			mainGroup = 991E68A1232F64A800B02FDE;
			productRefGroup = 991E68AB232F64A800B02FDE /* Products */;
			projectDirPath = "";
			projectRoot = "";
			targets = (
				991E68A9232F64A800B02FDE /* RAW File Cleaner */,
				99F5A37423370090009DE5D8 /* RAW File CleanerTests */,
				9959CD1623473A42007069B1 /* RAW File CleanerUITests */,
			);
		};
/* End PBXProject section */

/* Begin PBXResourcesBuildPhase section */
		991E68A8232F64A800B02FDE /* Resources */ = {
			isa = PBXResourcesBuildPhase;
			buildActionMask = 2147483647;
			files = (
				991E68B8232F64A900B02FDE /* Main.storyboard in Resources */,
				991E68B5232F64A900B02FDE /* Preview Assets.xcassets in Resources */,
				991E68B2232F64A900B02FDE /* Assets.xcassets in Resources */,
			);
			runOnlyForDeploymentPostprocessing = 0;
		};
		9959CD1523473A42007069B1 /* Resources */ = {
			isa = PBXResourcesBuildPhase;
			buildActionMask = 2147483647;
			files = (
			);
			runOnlyForDeploymentPostprocessing = 0;
		};
		99F5A37323370090009DE5D8 /* Resources */ = {
			isa = PBXResourcesBuildPhase;
			buildActionMask = 2147483647;
			files = (
			);
			runOnlyForDeploymentPostprocessing = 0;
		};
/* End PBXResourcesBuildPhase section */

/* Begin PBXSourcesBuildPhase section */
		991E68A6232F64A800B02FDE /* Sources */ = {
			isa = PBXSourcesBuildPhase;
			buildActionMask = 2147483647;
			files = (
				999C6810233603E600D758E9 /* UIView.swift in Sources */,
				991E68AE232F64A800B02FDE /* AppDelegate.swift in Sources */,
				999C681223362CE000D758E9 /* CoreFunctional.swift in Sources */,
			);
			runOnlyForDeploymentPostprocessing = 0;
		};
		9959CD1323473A42007069B1 /* Sources */ = {
			isa = PBXSourcesBuildPhase;
			buildActionMask = 2147483647;
			files = (
				9959CD1A23473A42007069B1 /* RAW_File_CleanerUITests.swift in Sources */,
			);
			runOnlyForDeploymentPostprocessing = 0;
		};
		99F5A37123370090009DE5D8 /* Sources */ = {
			isa = PBXSourcesBuildPhase;
			buildActionMask = 2147483647;
			files = (
				99F5A37823370090009DE5D8 /* RAW_File_CleanerTests.swift in Sources */,
			);
			runOnlyForDeploymentPostprocessing = 0;
		};
/* End PBXSourcesBuildPhase section */

/* Begin PBXTargetDependency section */
		9959CD1D23473A42007069B1 /* PBXTargetDependency */ = {
			isa = PBXTargetDependency;
			target = 991E68A9232F64A800B02FDE /* RAW File Cleaner */;
			targetProxy = 9959CD1C23473A42007069B1 /* PBXContainerItemProxy */;
		};
		99F5A37B23370090009DE5D8 /* PBXTargetDependency */ = {
			isa = PBXTargetDependency;
			target = 991E68A9232F64A800B02FDE /* RAW File Cleaner */;
			targetProxy = 99F5A37A23370090009DE5D8 /* PBXContainerItemProxy */;
		};
/* End PBXTargetDependency section */

/* Begin PBXVariantGroup section */
		991E68B6232F64A900B02FDE /* Main.storyboard */ = {
			isa = PBXVariantGroup;
			children = (
				991E68B7232F64A900B02FDE /* Base */,
			);
			name = Main.storyboard;
			sourceTree = "<group>";
		};
/* End PBXVariantGroup section */

/* Begin XCBuildConfiguration section */
		991E68BB232F64A900B02FDE /* Debug */ = {
			isa = XCBuildConfiguration;
			buildSettings = {
				ALWAYS_SEARCH_USER_PATHS = NO;
				CLANG_ANALYZER_NONNULL = YES;
				CLANG_ANALYZER_NUMBER_OBJECT_CONVERSION = YES_AGGRESSIVE;
				CLANG_CXX_LANGUAGE_STANDARD = "gnu++14";
				CLANG_CXX_LIBRARY = "libc++";
				CLANG_ENABLE_MODULES = YES;
				CLANG_ENABLE_OBJC_ARC = YES;
				CLANG_ENABLE_OBJC_WEAK = YES;
				CLANG_WARN_BLOCK_CAPTURE_AUTORELEASING = YES;
				CLANG_WARN_BOOL_CONVERSION = YES;
				CLANG_WARN_COMMA = YES;
				CLANG_WARN_CONSTANT_CONVERSION = YES;
				CLANG_WARN_DEPRECATED_OBJC_IMPLEMENTATIONS = YES;
				CLANG_WARN_DIRECT_OBJC_ISA_USAGE = YES_ERROR;
				CLANG_WARN_DOCUMENTATION_COMMENTS = YES;
				CLANG_WARN_EMPTY_BODY = YES;
				CLANG_WARN_ENUM_CONVERSION = YES;
				CLANG_WARN_INFINITE_RECURSION = YES;
				CLANG_WARN_INT_CONVERSION = YES;
				CLANG_WARN_NON_LITERAL_NULL_CONVERSION = YES;
				CLANG_WARN_OBJC_IMPLICIT_RETAIN_SELF = YES;
				CLANG_WARN_OBJC_LITERAL_CONVERSION = YES;
				CLANG_WARN_OBJC_ROOT_CLASS = YES_ERROR;
				CLANG_WARN_RANGE_LOOP_ANALYSIS = YES;
				CLANG_WARN_STRICT_PROTOTYPES = YES;
				CLANG_WARN_SUSPICIOUS_MOVE = YES;
				CLANG_WARN_UNGUARDED_AVAILABILITY = YES_AGGRESSIVE;
				CLANG_WARN_UNREACHABLE_CODE = YES;
				CLANG_WARN__DUPLICATE_METHOD_MATCH = YES;
				COPY_PHASE_STRIP = NO;
				DEBUG_INFORMATION_FORMAT = dwarf;
				ENABLE_STRICT_OBJC_MSGSEND = YES;
				ENABLE_TESTABILITY = YES;
				GCC_C_LANGUAGE_STANDARD = gnu11;
				GCC_DYNAMIC_NO_PIC = NO;
				GCC_NO_COMMON_BLOCKS = YES;
				GCC_OPTIMIZATION_LEVEL = 0;
				GCC_PREPROCESSOR_DEFINITIONS = (
					"DEBUG=1",
					"$(inherited)",
				);
				GCC_WARN_64_TO_32_BIT_CONVERSION = YES;
				GCC_WARN_ABOUT_RETURN_TYPE = YES_ERROR;
				GCC_WARN_UNDECLARED_SELECTOR = YES;
				GCC_WARN_UNINITIALIZED_AUTOS = YES_AGGRESSIVE;
				GCC_WARN_UNUSED_FUNCTION = YES;
				GCC_WARN_UNUSED_VARIABLE = YES;
				MACOSX_DEPLOYMENT_TARGET = 10.15;
				MTL_ENABLE_DEBUG_INFO = INCLUDE_SOURCE;
				MTL_FAST_MATH = YES;
				ONLY_ACTIVE_ARCH = YES;
				SDKROOT = macosx;
				SWIFT_ACTIVE_COMPILATION_CONDITIONS = DEBUG;
				SWIFT_OPTIMIZATION_LEVEL = "-Onone";
			};
			name = Debug;
		};
		991E68BC232F64A900B02FDE /* Release */ = {
			isa = XCBuildConfiguration;
			buildSettings = {
				ALWAYS_SEARCH_USER_PATHS = NO;
				CLANG_ANALYZER_NONNULL = YES;
				CLANG_ANALYZER_NUMBER_OBJECT_CONVERSION = YES_AGGRESSIVE;
				CLANG_CXX_LANGUAGE_STANDARD = "gnu++14";
				CLANG_CXX_LIBRARY = "libc++";
				CLANG_ENABLE_MODULES = YES;
				CLANG_ENABLE_OBJC_ARC = YES;
				CLANG_ENABLE_OBJC_WEAK = YES;
				CLANG_WARN_BLOCK_CAPTURE_AUTORELEASING = YES;
				CLANG_WARN_BOOL_CONVERSION = YES;
				CLANG_WARN_COMMA = YES;
				CLANG_WARN_CONSTANT_CONVERSION = YES;
				CLANG_WARN_DEPRECATED_OBJC_IMPLEMENTATIONS = YES;
				CLANG_WARN_DIRECT_OBJC_ISA_USAGE = YES_ERROR;
				CLANG_WARN_DOCUMENTATION_COMMENTS = YES;
				CLANG_WARN_EMPTY_BODY = YES;
				CLANG_WARN_ENUM_CONVERSION = YES;
				CLANG_WARN_INFINITE_RECURSION = YES;
				CLANG_WARN_INT_CONVERSION = YES;
				CLANG_WARN_NON_LITERAL_NULL_CONVERSION = YES;
				CLANG_WARN_OBJC_IMPLICIT_RETAIN_SELF = YES;
				CLANG_WARN_OBJC_LITERAL_CONVERSION = YES;
				CLANG_WARN_OBJC_ROOT_CLASS = YES_ERROR;
				CLANG_WARN_RANGE_LOOP_ANALYSIS = YES;
				CLANG_WARN_STRICT_PROTOTYPES = YES;
				CLANG_WARN_SUSPICIOUS_MOVE = YES;
				CLANG_WARN_UNGUARDED_AVAILABILITY = YES_AGGRESSIVE;
				CLANG_WARN_UNREACHABLE_CODE = YES;
				CLANG_WARN__DUPLICATE_METHOD_MATCH = YES;
				COPY_PHASE_STRIP = NO;
				DEBUG_INFORMATION_FORMAT = "dwarf-with-dsym";
				ENABLE_NS_ASSERTIONS = NO;
				ENABLE_STRICT_OBJC_MSGSEND = YES;
				GCC_C_LANGUAGE_STANDARD = gnu11;
				GCC_NO_COMMON_BLOCKS = YES;
				GCC_WARN_64_TO_32_BIT_CONVERSION = YES;
				GCC_WARN_ABOUT_RETURN_TYPE = YES_ERROR;
				GCC_WARN_UNDECLARED_SELECTOR = YES;
				GCC_WARN_UNINITIALIZED_AUTOS = YES_AGGRESSIVE;
				GCC_WARN_UNUSED_FUNCTION = YES;
				GCC_WARN_UNUSED_VARIABLE = YES;
				MACOSX_DEPLOYMENT_TARGET = 10.15;
				MTL_ENABLE_DEBUG_INFO = NO;
				MTL_FAST_MATH = YES;
				SDKROOT = macosx;
				SWIFT_COMPILATION_MODE = wholemodule;
				SWIFT_OPTIMIZATION_LEVEL = "-O";
			};
			name = Release;
		};
		991E68BE232F64A900B02FDE /* Debug */ = {
			isa = XCBuildConfiguration;
			buildSettings = {
				ASSETCATALOG_COMPILER_APPICON_NAME = AppIcon;
				CODE_SIGN_ENTITLEMENTS = "RAW File Cleaner/RAW_File_Cleaner.entitlements";
				CODE_SIGN_STYLE = Automatic;
				COMBINE_HIDPI_IMAGES = YES;
				DEVELOPMENT_ASSET_PATHS = "\"RAW File Cleaner/Preview Content\"";
				ENABLE_PREVIEWS = YES;
				INFOPLIST_FILE = "RAW File Cleaner/Info.plist";
				LD_RUNPATH_SEARCH_PATHS = (
					"$(inherited)",
					"@executable_path/../Frameworks",
				);
				MACOSX_DEPLOYMENT_TARGET = 10.15;
				PRODUCT_BUNDLE_IDENTIFIER = "Ostap.RAW-File-Cleaner";
				PRODUCT_NAME = "$(TARGET_NAME)";
				SWIFT_VERSION = 5.0;
			};
			name = Debug;
		};
		991E68BF232F64A900B02FDE /* Release */ = {
			isa = XCBuildConfiguration;
			buildSettings = {
				ASSETCATALOG_COMPILER_APPICON_NAME = AppIcon;
				CODE_SIGN_ENTITLEMENTS = "RAW File Cleaner/RAW_File_Cleaner.entitlements";
				CODE_SIGN_STYLE = Automatic;
				COMBINE_HIDPI_IMAGES = YES;
				DEVELOPMENT_ASSET_PATHS = "\"RAW File Cleaner/Preview Content\"";
				ENABLE_PREVIEWS = YES;
				INFOPLIST_FILE = "RAW File Cleaner/Info.plist";
				LD_RUNPATH_SEARCH_PATHS = (
					"$(inherited)",
					"@executable_path/../Frameworks",
				);
				MACOSX_DEPLOYMENT_TARGET = 10.15;
				PRODUCT_BUNDLE_IDENTIFIER = "Ostap.RAW-File-Cleaner";
				PRODUCT_NAME = "$(TARGET_NAME)";
				SWIFT_VERSION = 5.0;
			};
			name = Release;
		};
		9959CD1E23473A42007069B1 /* Debug */ = {
			isa = XCBuildConfiguration;
			buildSettings = {
				CODE_SIGN_STYLE = Automatic;
				COMBINE_HIDPI_IMAGES = YES;
				INFOPLIST_FILE = "RAW File CleanerUITests/Info.plist";
				LD_RUNPATH_SEARCH_PATHS = (
					"$(inherited)",
					"@executable_path/../Frameworks",
					"@loader_path/../Frameworks",
				);
				PRODUCT_BUNDLE_IDENTIFIER = "Ostap.RAW-File-CleanerUITests";
				PRODUCT_NAME = "$(TARGET_NAME)";
				SWIFT_VERSION = 5.0;
				TEST_TARGET_NAME = "RAW File Cleaner";
			};
			name = Debug;
		};
		9959CD1F23473A42007069B1 /* Release */ = {
			isa = XCBuildConfiguration;
			buildSettings = {
				CODE_SIGN_STYLE = Automatic;
				COMBINE_HIDPI_IMAGES = YES;
				INFOPLIST_FILE = "RAW File CleanerUITests/Info.plist";
				LD_RUNPATH_SEARCH_PATHS = (
					"$(inherited)",
					"@executable_path/../Frameworks",
					"@loader_path/../Frameworks",
				);
				PRODUCT_BUNDLE_IDENTIFIER = "Ostap.RAW-File-CleanerUITests";
				PRODUCT_NAME = "$(TARGET_NAME)";
				SWIFT_VERSION = 5.0;
				TEST_TARGET_NAME = "RAW File Cleaner";
			};
			name = Release;
		};
		99F5A37D23370090009DE5D8 /* Debug */ = {
			isa = XCBuildConfiguration;
			buildSettings = {
				BUNDLE_LOADER = "$(TEST_HOST)";
				CODE_SIGN_STYLE = Automatic;
				COMBINE_HIDPI_IMAGES = YES;
				INFOPLIST_FILE = "RAW File CleanerTests/Info.plist";
				LD_RUNPATH_SEARCH_PATHS = (
					"$(inherited)",
					"@executable_path/../Frameworks",
					"@loader_path/../Frameworks",
				);
				PRODUCT_BUNDLE_IDENTIFIER = "Ostap.RAW-File-CleanerTests";
				PRODUCT_NAME = "$(TARGET_NAME)";
				SWIFT_VERSION = 5.0;
				TEST_HOST = "$(BUILT_PRODUCTS_DIR)/RAW File Cleaner.app/Contents/MacOS/RAW File Cleaner";
			};
			name = Debug;
		};
		99F5A37E23370090009DE5D8 /* Release */ = {
			isa = XCBuildConfiguration;
			buildSettings = {
				BUNDLE_LOADER = "$(TEST_HOST)";
				CODE_SIGN_STYLE = Automatic;
				COMBINE_HIDPI_IMAGES = YES;
				INFOPLIST_FILE = "RAW File CleanerTests/Info.plist";
				LD_RUNPATH_SEARCH_PATHS = (
					"$(inherited)",
					"@executable_path/../Frameworks",
					"@loader_path/../Frameworks",
				);
				PRODUCT_BUNDLE_IDENTIFIER = "Ostap.RAW-File-CleanerTests";
				PRODUCT_NAME = "$(TARGET_NAME)";
				SWIFT_VERSION = 5.0;
				TEST_HOST = "$(BUILT_PRODUCTS_DIR)/RAW File Cleaner.app/Contents/MacOS/RAW File Cleaner";
			};
			name = Release;
		};
/* End XCBuildConfiguration section */

/* Begin XCConfigurationList section */
		991E68A5232F64A800B02FDE /* Build configuration list for PBXProject "RAW File Cleaner" */ = {
			isa = XCConfigurationList;
			buildConfigurations = (
				991E68BB232F64A900B02FDE /* Debug */,
				991E68BC232F64A900B02FDE /* Release */,
			);
			defaultConfigurationIsVisible = 0;
			defaultConfigurationName = Release;
		};
		991E68BD232F64A900B02FDE /* Build configuration list for PBXNativeTarget "RAW File Cleaner" */ = {
			isa = XCConfigurationList;
			buildConfigurations = (
				991E68BE232F64A900B02FDE /* Debug */,
				991E68BF232F64A900B02FDE /* Release */,
			);
			defaultConfigurationIsVisible = 0;
			defaultConfigurationName = Release;
		};
		9959CD2023473A42007069B1 /* Build configuration list for PBXNativeTarget "RAW File CleanerUITests" */ = {
			isa = XCConfigurationList;
			buildConfigurations = (
				9959CD1E23473A42007069B1 /* Debug */,
				9959CD1F23473A42007069B1 /* Release */,
			);
			defaultConfigurationIsVisible = 0;
			defaultConfigurationName = Release;
		};
		99F5A37C23370090009DE5D8 /* Build configuration list for PBXNativeTarget "RAW File CleanerTests" */ = {
			isa = XCConfigurationList;
			buildConfigurations = (
				99F5A37D23370090009DE5D8 /* Debug */,
				99F5A37E23370090009DE5D8 /* Release */,
			);
			defaultConfigurationIsVisible = 0;
			defaultConfigurationName = Release;
		};
/* End XCConfigurationList section */
	};
	rootObject = 991E68A2232F64A800B02FDE /* Project object */;
}
